# THIS IS AN AUTOGENERATED FILE. DO NOT EDIT THIS FILE DIRECTLY.
# yarn lockfile v1


html5-boilerplate@^8.0.0:
  version "8.0.0"
  resolved "https://registry.yarnpkg.com/html5-boilerplate/-/html5-boilerplate-8.0.0.tgz#59ea54c2bcfb7453061d23e021fe8736bbb42200"
  integrity sha512-Z4P0XB9R9idkVcmPjiiNPlQwiuy7j87oN58vemqIhk2YpGGmN3gc8WSxQRlGg/n1Mep7saQ5c2ROfAdfWf+ZJQ==
